// !$*UTF8*$!
{
	archiveVersion = 1;
	classes = {
	};
	objectVersion = 77;
	objects = {

/* Begin PBXBuildFile section */
		65D4C01D2D95C7C2007C76AF /* TextNavigation Watch Watch App.app in Embed Watch Content */ = {isa = PBXBuildFile; fileRef = 65D4C0102D95C7C0007C76AF /* TextNavigation Watch Watch App.app */; settings = {ATTRIBUTES = (RemoveHeadersOnCopy, ); }; };
		65D4C0242D95C7FB007C76AF /* WatchConnectivity.framework in Frameworks */ = {isa = PBXBuildFile; fileRef = 65D4C0232D95C7FB007C76AF /* WatchConnectivity.framework */; };
		65D4C0262D95C80D007C76AF /* WatchKit.framework in Frameworks */ = {isa = PBXBuildFile; fileRef = 65D4C0252D95C80D007C76AF /* WatchKit.framework */; };
		65D4C0282D95C815007C76AF /* WatchConnectivity.framework in Frameworks */ = {isa = PBXBuildFile; fileRef = 65D4C0272D95C815007C76AF /* WatchConnectivity.framework */; };
		65D4C0382D95F986007C76AF /* NaturalLanguage.framework in Frameworks */ = {isa = PBXBuildFile; fileRef = 65D4C0372D95F986007C76AF /* NaturalLanguage.framework */; };
		65D4C0422D95FE9D007C76AF /* SensorKit.framework in Frameworks */ = {isa = PBXBuildFile; fileRef = 65D4C0412D95FE9D007C76AF /* SensorKit.framework */; };
/* End PBXBuildFile section */

/* Begin PBXContainerItemProxy section */
		65D4C01B2D95C7C2007C76AF /* PBXContainerItemProxy */ = {
			isa = PBXContainerItemProxy;
			containerPortal = 65D4BFEC2D95C76D007C76AF /* Project object */;
			proxyType = 1;
			remoteGlobalIDString = 65D4C00F2D95C7C0007C76AF;
			remoteInfo = "TextNavigation Watch Watch App";
		};
/* End PBXContainerItemProxy section */

/* Begin PBXCopyFilesBuildPhase section */
		65D4C0212D95C7C2007C76AF /* Embed Watch Content */ = {
			isa = PBXCopyFilesBuildPhase;
			buildActionMask = 2147483647;
			dstPath = "$(CONTENTS_FOLDER_PATH)/Watch";
			dstSubfolderSpec = 16;
			files = (
				65D4C01D2D95C7C2007C76AF /* TextNavigation Watch Watch App.app in Embed Watch Content */,
			);
			name = "Embed Watch Content";
			runOnlyForDeploymentPostprocessing = 0;
		};
/* End PBXCopyFilesBuildPhase section */

/* Begin PBXFileReference section */
		65D4BFF42D95C76D007C76AF /* TextNavigation.app */ = {isa = PBXFileReference; explicitFileType = wrapper.application; includeInIndex = 0; path = TextNavigation.app; sourceTree = BUILT_PRODUCTS_DIR; };
		65D4C0102D95C7C0007C76AF /* TextNavigation Watch Watch App.app */ = {isa = PBXFileReference; explicitFileType = wrapper.application; includeInIndex = 0; path = "TextNavigation Watch Watch App.app"; sourceTree = BUILT_PRODUCTS_DIR; };
		65D4C0232D95C7FB007C76AF /* WatchConnectivity.framework */ = {isa = PBXFileReference; lastKnownFileType = wrapper.framework; name = WatchConnectivity.framework; path = Platforms/WatchOS.platform/Developer/SDKs/WatchOS11.2.sdk/System/Library/Frameworks/WatchConnectivity.framework; sourceTree = DEVELOPER_DIR; };
		65D4C0252D95C80D007C76AF /* WatchKit.framework */ = {isa = PBXFileReference; lastKnownFileType = wrapper.framework; name = WatchKit.framework; path = Platforms/WatchOS.platform/Developer/SDKs/WatchOS11.2.sdk/System/Library/Frameworks/WatchKit.framework; sourceTree = DEVELOPER_DIR; };
		65D4C0272D95C815007C76AF /* WatchConnectivity.framework */ = {isa = PBXFileReference; lastKnownFileType = wrapper.framework; name = WatchConnectivity.framework; path = System/Library/Frameworks/WatchConnectivity.framework; sourceTree = SDKROOT; };
		65D4C0372D95F986007C76AF /* NaturalLanguage.framework */ = {isa = PBXFileReference; lastKnownFileType = wrapper.framework; name = NaturalLanguage.framework; path = System/Library/Frameworks/NaturalLanguage.framework; sourceTree = SDKROOT; };
		65D4C0412D95FE9D007C76AF /* SensorKit.framework */ = {isa = PBXFileReference; lastKnownFileType = wrapper.framework; name = SensorKit.framework; path = System/Library/Frameworks/SensorKit.framework; sourceTree = SDKROOT; };
/* End PBXFileReference section */

/* Begin PBXFileSystemSynchronizedBuildFileExceptionSet section */
		65D4C0062D95C76E007C76AF /* Exceptions for "TextNavigation" folder in "TextNavigation" target */ = {
			isa = PBXFileSystemSynchronizedBuildFileExceptionSet;
			membershipExceptions = (
				Info.plist,
			);
			target = 65D4BFF32D95C76D007C76AF /* TextNavigation */;
		};
/* End PBXFileSystemSynchronizedBuildFileExceptionSet section */

/* Begin PBXFileSystemSynchronizedRootGroup section */
		65D4BFF62D95C76D007C76AF /* TextNavigation */ = {
			isa = PBXFileSystemSynchronizedRootGroup;
			exceptions = (
				65D4C0062D95C76E007C76AF /* Exceptions for "TextNavigation" folder in "TextNavigation" target */,
			);
			path = TextNavigation;
			sourceTree = "<group>";
		};
		65D4C0112D95C7C0007C76AF /* TextNavigation Watch Watch App */ = {
			isa = PBXFileSystemSynchronizedRootGroup;
			path = "TextNavigation Watch Watch App";
			sourceTree = "<group>";
		};
/* End PBXFileSystemSynchronizedRootGroup section */

/* Begin PBXFrameworksBuildPhase section */
		65D4BFF12D95C76D007C76AF /* Frameworks */ = {
			isa = PBXFrameworksBuildPhase;
			buildActionMask = 2147483647;
			files = (
				65D4C0422D95FE9D007C76AF /* SensorKit.framework in Frameworks */,
				65D4C0382D95F986007C76AF /* NaturalLanguage.framework in Frameworks */,
				65D4C0282D95C815007C76AF /* WatchConnectivity.framework in Frameworks */,
			);
			runOnlyForDeploymentPostprocessing = 0;
		};
		65D4C00D2D95C7C0007C76AF /* Frameworks */ = {
			isa = PBXFrameworksBuildPhase;
			buildActionMask = 2147483647;
			files = (
				65D4C0262D95C80D007C76AF /* WatchKit.framework in Frameworks */,
				65D4C0242D95C7FB007C76AF /* WatchConnectivity.framework in Frameworks */,
			);
			runOnlyForDeploymentPostprocessing = 0;
		};
/* End PBXFrameworksBuildPhase section */

/* Begin PBXGroup section */
		65D4BFEB2D95C76D007C76AF = {
			isa = PBXGroup;
			children = (
				65D4BFF62D95C76D007C76AF /* TextNavigation */,
				65D4C0112D95C7C0007C76AF /* TextNavigation Watch Watch App */,
				65D4C0222D95C7FB007C76AF /* Frameworks */,
				65D4BFF52D95C76D007C76AF /* Products */,
			);
			sourceTree = "<group>";
		};
		65D4BFF52D95C76D007C76AF /* Products */ = {
			isa = PBXGroup;
			children = (
				65D4BFF42D95C76D007C76AF /* TextNavigation.app */,
				65D4C0102D95C7C0007C76AF /* TextNavigation Watch Watch App.app */,
			);
			name = Products;
			sourceTree = "<group>";
		};
		65D4C0222D95C7FB007C76AF /* Frameworks */ = {
			isa = PBXGroup;
			children = (
				65D4C0412D95FE9D007C76AF /* SensorKit.framework */,
				65D4C0372D95F986007C76AF /* NaturalLanguage.framework */,
				65D4C0272D95C815007C76AF /* WatchConnectivity.framework */,
				65D4C0252D95C80D007C76AF /* WatchKit.framework */,
				65D4C0232D95C7FB007C76AF /* WatchConnectivity.framework */,
			);
			name = Frameworks;
			sourceTree = "<group>";
		};
/* End PBXGroup section */

/* Begin PBXNativeTarget section */
		65D4BFF32D95C76D007C76AF /* TextNavigation */ = {
			isa = PBXNativeTarget;
			buildConfigurationList = 65D4C0072D95C76E007C76AF /* Build configuration list for PBXNativeTarget "TextNavigation" */;
			buildPhases = (
				65D4BFF02D95C76D007C76AF /* Sources */,
				65D4BFF12D95C76D007C76AF /* Frameworks */,
				65D4BFF22D95C76D007C76AF /* Resources */,
				65D4C0212D95C7C2007C76AF /* Embed Watch Content */,
			);
			buildRules = (
			);
			dependencies = (
				65D4C01C2D95C7C2007C76AF /* PBXTargetDependency */,
			);
			fileSystemSynchronizedGroups = (
				65D4BFF62D95C76D007C76AF /* TextNavigation */,
			);
			name = TextNavigation;
			packageProductDependencies = (
			);
			productName = TextNavigation;
			productReference = 65D4BFF42D95C76D007C76AF /* TextNavigation.app */;
			productType = "com.apple.product-type.application";
		};
		65D4C00F2D95C7C0007C76AF /* TextNavigation Watch Watch App */ = {
			isa = PBXNativeTarget;
			buildConfigurationList = 65D4C01E2D95C7C2007C76AF /* Build configuration list for PBXNativeTarget "TextNavigation Watch Watch App" */;
			buildPhases = (
				65D4C00C2D95C7C0007C76AF /* Sources */,
				65D4C00D2D95C7C0007C76AF /* Frameworks */,
				65D4C00E2D95C7C0007C76AF /* Resources */,
			);
			buildRules = (
			);
			dependencies = (
			);
			fileSystemSynchronizedGroups = (
				65D4C0112D95C7C0007C76AF /* TextNavigation Watch Watch App */,
			);
			name = "TextNavigation Watch Watch App";
			packageProductDependencies = (
			);
			productName = "TextNavigation Watch Watch App";
			productReference = 65D4C0102D95C7C0007C76AF /* TextNavigation Watch Watch App.app */;
			productType = "com.apple.product-type.application";
		};
/* End PBXNativeTarget section */

/* Begin PBXProject section */
		65D4BFEC2D95C76D007C76AF /* Project object */ = {
			isa = PBXProject;
			attributes = {
				BuildIndependentTargetsInParallel = 1;
				LastSwiftUpdateCheck = 1620;
				LastUpgradeCheck = 1620;
				TargetAttributes = {
					65D4BFF32D95C76D007C76AF = {
						CreatedOnToolsVersion = 16.2;
					};
					65D4C00F2D95C7C0007C76AF = {
						CreatedOnToolsVersion = 16.2;
					};
				};
			};
			buildConfigurationList = 65D4BFEF2D95C76D007C76AF /* Build configuration list for PBXProject "TextNavigation" */;
			developmentRegion = en;
			hasScannedForEncodings = 0;
			knownRegions = (
				en,
				Base,
			);
			mainGroup = 65D4BFEB2D95C76D007C76AF;
			minimizedProjectReferenceProxies = 1;
			preferredProjectObjectVersion = 77;
			productRefGroup = 65D4BFF52D95C76D007C76AF /* Products */;
			projectDirPath = "";
			projectRoot = "";
			targets = (
				65D4BFF32D95C76D007C76AF /* TextNavigation */,
				65D4C00F2D95C7C0007C76AF /* TextNavigation Watch Watch App */,
			);
		};
/* End PBXProject section */

/* Begin PBXResourcesBuildPhase section */
		65D4BFF22D95C76D007C76AF /* Resources */ = {
			isa = PBXResourcesBuildPhase;
			buildActionMask = 2147483647;
			files = (
			);
			runOnlyForDeploymentPostprocessing = 0;
		};
		65D4C00E2D95C7C0007C76AF /* Resources */ = {
			isa = PBXResourcesBuildPhase;
			buildActionMask = 2147483647;
			files = (
			);
			runOnlyForDeploymentPostprocessing = 0;
		};
/* End PBXResourcesBuildPhase section */

/* Begin PBXSourcesBuildPhase section */
		65D4BFF02D95C76D007C76AF /* Sources */ = {
			isa = PBXSourcesBuildPhase;
			buildActionMask = 2147483647;
			files = (
			);
			runOnlyForDeploymentPostprocessing = 0;
		};
		65D4C00C2D95C7C0007C76AF /* Sources */ = {
			isa = PBXSourcesBuildPhase;
			buildActionMask = 2147483647;
			files = (
			);
			runOnlyForDeploymentPostprocessing = 0;
		};
/* End PBXSourcesBuildPhase section */

/* Begin PBXTargetDependency section */
		65D4C01C2D95C7C2007C76AF /* PBXTargetDependency */ = {
			isa = PBXTargetDependency;
			target = 65D4C00F2D95C7C0007C76AF /* TextNavigation Watch Watch App */;
			targetProxy = 65D4C01B2D95C7C2007C76AF /* PBXContainerItemProxy */;
		};
/* End PBXTargetDependency section */

/* Begin XCBuildConfiguration section */
		65D4C0082D95C76E007C76AF /* Debug */ = {
			isa = XCBuildConfiguration;
			buildSettings = {
				ASSETCATALOG_COMPILER_APPICON_NAME = AppIcon;
				ASSETCATALOG_COMPILER_GLOBAL_ACCENT_COLOR_NAME = AccentColor;
				CODE_SIGN_STYLE = Automatic;
				CURRENT_PROJECT_VERSION = 1;
				DEVELOPMENT_TEAM = M4DNVMNSZG;
				GENERATE_INFOPLIST_FILE = YES;
				INFOPLIST_FILE = TextNavigation/Info.plist;
				INFOPLIST_KEY_UIApplicationSupportsIndirectInputEvents = YES;
				INFOPLIST_KEY_UILaunchStoryboardName = LaunchScreen;
				INFOPLIST_KEY_UIMainStoryboardFile = Main;
				INFOPLIST_KEY_UISupportedInterfaceOrientations_iPad = "UIInterfaceOrientationPortrait UIInterfaceOrientationPortraitUpsideDown UIInterfaceOrientationLandscapeLeft UIInterfaceOrientationLandscapeRight";
				INFOPLIST_KEY_UISupportedInterfaceOrientations_iPhone = "UIInterfaceOrientationPortrait UIInterfaceOrientationLandscapeLeft UIInterfaceOrientationLandscapeRight";
				LD_RUNPATH_SEARCH_PATHS = (
					"$(inherited)",
					"@executable_path/Frameworks",
				);
				MARKETING_VERSION = 1.0;
				PRODUCT_BUNDLE_IDENTIFIER = touch.TextNavigation;
				PRODUCT_NAME = "$(TARGET_NAME)";
				SWIFT_EMIT_LOC_STRINGS = YES;
				SWIFT_VERSION = 5.0;
				TARGETED_DEVICE_FAMILY = "1,2";
			};
			name = Debug;
		};
		65D4C0092D95C76E007C76AF /* Release */ = {
			isa = XCBuildConfiguration;
			buildSettings = {
				ASSETCATALOG_COMPILER_APPICON_NAME = AppIcon;
				ASSETCATALOG_COMPILER_GLOBAL_ACCENT_COLOR_NAME = AccentColor;
				CODE_SIGN_STYLE = Automatic;
				CURRENT_PROJECT_VERSION = 1;
				DEVELOPMENT_TEAM = M4DNVMNSZG;
				GENERATE_INFOPLIST_FILE = YES;
				INFOPLIST_FILE = TextNavigation/Info.plist;
				INFOPLIST_KEY_UIApplicationSupportsIndirectInputEvents = YES;
				INFOPLIST_KEY_UILaunchStoryboardName = LaunchScreen;
				INFOPLIST_KEY_UIMainStoryboardFile = Main;
				INFOPLIST_KEY_UISupportedInterfaceOrientations_iPad = "UIInterfaceOrientationPortrait UIInterfaceOrientationPortraitUpsideDown UIInterfaceOrientationLandscapeLeft UIInterfaceOrientationLandscapeRight";
				INFOPLIST_KEY_UISupportedInterfaceOrientations_iPhone = "UIInterfaceOrientationPortrait UIInterfaceOrientationLandscapeLeft UIInterfaceOrientationLandscapeRight";
				LD_RUNPATH_SEARCH_PATHS = (
					"$(inherited)",
					"@executable_path/Frameworks",
				);
				MARKETING_VERSION = 1.0;
				PRODUCT_BUNDLE_IDENTIFIER = touch.TextNavigation;
				PRODUCT_NAME = "$(TARGET_NAME)";
				SWIFT_EMIT_LOC_STRINGS = YES;
				SWIFT_VERSION = 5.0;
				TARGETED_DEVICE_FAMILY = "1,2";
			};
			name = Release;
		};
		65D4C00A2D95C76E007C76AF /* Debug */ = {
			isa = XCBuildConfiguration;
			buildSettings = {
				ALWAYS_SEARCH_USER_PATHS = NO;
				ASSETCATALOG_COMPILER_GENERATE_SWIFT_ASSET_SYMBOL_EXTENSIONS = YES;
				CLANG_ANALYZER_NONNULL = YES;
				CLANG_ANALYZER_NUMBER_OBJECT_CONVERSION = YES_AGGRESSIVE;
				CLANG_CXX_LANGUAGE_STANDARD = "gnu++20";
				CLANG_ENABLE_MODULES = YES;
				CLANG_ENABLE_OBJC_ARC = YES;
				CLANG_ENABLE_OBJC_WEAK = YES;
				CLANG_WARN_BLOCK_CAPTURE_AUTORELEASING = YES;
				CLANG_WARN_BOOL_CONVERSION = YES;
				CLANG_WARN_COMMA = YES;
				CLANG_WARN_CONSTANT_CONVERSION = YES;
				CLANG_WARN_DEPRECATED_OBJC_IMPLEMENTATIONS = YES;
				CLANG_WARN_DIRECT_OBJC_ISA_USAGE = YES_ERROR;
				CLANG_WARN_DOCUMENTATION_COMMENTS = YES;
				CLANG_WARN_EMPTY_BODY = YES;
				CLANG_WARN_ENUM_CONVERSION = YES;
				CLANG_WARN_INFINITE_RECURSION = YES;
				CLANG_WARN_INT_CONVERSION = YES;
				CLANG_WARN_NON_LITERAL_NULL_CONVERSION = YES;
				CLANG_WARN_OBJC_IMPLICIT_RETAIN_SELF = YES;
				CLANG_WARN_OBJC_LITERAL_CONVERSION = YES;
				CLANG_WARN_OBJC_ROOT_CLASS = YES_ERROR;
				CLANG_WARN_QUOTED_INCLUDE_IN_FRAMEWORK_HEADER = YES;
				CLANG_WARN_RANGE_LOOP_ANALYSIS = YES;
				CLANG_WARN_STRICT_PROTOTYPES = YES;
				CLANG_WARN_SUSPICIOUS_MOVE = YES;
				CLANG_WARN_UNGUARDED_AVAILABILITY = YES_AGGRESSIVE;
				CLANG_WARN_UNREACHABLE_CODE = YES;
				CLANG_WARN__DUPLICATE_METHOD_MATCH = YES;
				COPY_PHASE_STRIP = NO;
				DEBUG_INFORMATION_FORMAT = dwarf;
				ENABLE_STRICT_OBJC_MSGSEND = YES;
				ENABLE_TESTABILITY = YES;
				ENABLE_USER_SCRIPT_SANDBOXING = YES;
				GCC_C_LANGUAGE_STANDARD = gnu17;
				GCC_DYNAMIC_NO_PIC = NO;
				GCC_NO_COMMON_BLOCKS = YES;
				GCC_OPTIMIZATION_LEVEL = 0;
				GCC_PREPROCESSOR_DEFINITIONS = (
					"DEBUG=1",
					"$(inherited)",
				);
				GCC_WARN_64_TO_32_BIT_CONVERSION = YES;
				GCC_WARN_ABOUT_RETURN_TYPE = YES_ERROR;
				GCC_WARN_UNDECLARED_SELECTOR = YES;
				GCC_WARN_UNINITIALIZED_AUTOS = YES_AGGRESSIVE;
				GCC_WARN_UNUSED_FUNCTION = YES;
				GCC_WARN_UNUSED_VARIABLE = YES;
				IPHONEOS_DEPLOYMENT_TARGET = 18.2;
				LOCALIZATION_PREFERS_STRING_CATALOGS = YES;
				MTL_ENABLE_DEBUG_INFO = INCLUDE_SOURCE;
				MTL_FAST_MATH = YES;
				ONLY_ACTIVE_ARCH = YES;
				SDKROOT = iphoneos;
				SWIFT_ACTIVE_COMPILATION_CONDITIONS = "DEBUG $(inherited)";
				SWIFT_OPTIMIZATION_LEVEL = "-Onone";
			};
			name = Debug;
		};
		65D4C00B2D95C76E007C76AF /* Release */ = {
			isa = XCBuildConfiguration;
			buildSettings = {
				ALWAYS_SEARCH_USER_PATHS = NO;
				ASSETCATALOG_COMPILER_GENERATE_SWIFT_ASSET_SYMBOL_EXTENSIONS = YES;
				CLANG_ANALYZER_NONNULL = YES;
				CLANG_ANALYZER_NUMBER_OBJECT_CONVERSION = YES_AGGRESSIVE;
				CLANG_CXX_LANGUAGE_STANDARD = "gnu++20";
				CLANG_ENABLE_MODULES = YES;
				CLANG_ENABLE_OBJC_ARC = YES;
				CLANG_ENABLE_OBJC_WEAK = YES;
				CLANG_WARN_BLOCK_CAPTURE_AUTORELEASING = YES;
				CLANG_WARN_BOOL_CONVERSION = YES;
				CLANG_WARN_COMMA = YES;
				CLANG_WARN_CONSTANT_CONVERSION = YES;
				CLANG_WARN_DEPRECATED_OBJC_IMPLEMENTATIONS = YES;
				CLANG_WARN_DIRECT_OBJC_ISA_USAGE = YES_ERROR;
				CLANG_WARN_DOCUMENTATION_COMMENTS = YES;
				CLANG_WARN_EMPTY_BODY = YES;
				CLANG_WARN_ENUM_CONVERSION = YES;
				CLANG_WARN_INFINITE_RECURSION = YES;
				CLANG_WARN_INT_CONVERSION = YES;
				CLANG_WARN_NON_LITERAL_NULL_CONVERSION = YES;
				CLANG_WARN_OBJC_IMPLICIT_RETAIN_SELF = YES;
				CLANG_WARN_OBJC_LITERAL_CONVERSION = YES;
				CLANG_WARN_OBJC_ROOT_CLASS = YES_ERROR;
				CLANG_WARN_QUOTED_INCLUDE_IN_FRAMEWORK_HEADER = YES;
				CLANG_WARN_RANGE_LOOP_ANALYSIS = YES;
				CLANG_WARN_STRICT_PROTOTYPES = YES;
				CLANG_WARN_SUSPICIOUS_MOVE = YES;
				CLANG_WARN_UNGUARDED_AVAILABILITY = YES_AGGRESSIVE;
				CLANG_WARN_UNREACHABLE_CODE = YES;
				CLANG_WARN__DUPLICATE_METHOD_MATCH = YES;
				COPY_PHASE_STRIP = NO;
				DEBUG_INFORMATION_FORMAT = "dwarf-with-dsym";
				ENABLE_NS_ASSERTIONS = NO;
				ENABLE_STRICT_OBJC_MSGSEND = YES;
				ENABLE_USER_SCRIPT_SANDBOXING = YES;
				GCC_C_LANGUAGE_STANDARD = gnu17;
				GCC_NO_COMMON_BLOCKS = YES;
				GCC_WARN_64_TO_32_BIT_CONVERSION = YES;
				GCC_WARN_ABOUT_RETURN_TYPE = YES_ERROR;
				GCC_WARN_UNDECLARED_SELECTOR = YES;
				GCC_WARN_UNINITIALIZED_AUTOS = YES_AGGRESSIVE;
				GCC_WARN_UNUSED_FUNCTION = YES;
				GCC_WARN_UNUSED_VARIABLE = YES;
				IPHONEOS_DEPLOYMENT_TARGET = 18.2;
				LOCALIZATION_PREFERS_STRING_CATALOGS = YES;
				MTL_ENABLE_DEBUG_INFO = NO;
				MTL_FAST_MATH = YES;
				SDKROOT = iphoneos;
				SWIFT_COMPILATION_MODE = wholemodule;
				VALIDATE_PRODUCT = YES;
			};
			name = Release;
		};
		65D4C01F2D95C7C2007C76AF /* Debug */ = {
			isa = XCBuildConfiguration;
			buildSettings = {
				ASSETCATALOG_COMPILER_APPICON_NAME = AppIcon;
				ASSETCATALOG_COMPILER_GLOBAL_ACCENT_COLOR_NAME = AccentColor;
				CODE_SIGN_STYLE = Automatic;
				CURRENT_PROJECT_VERSION = 1;
				DEVELOPMENT_ASSET_PATHS = "\"TextNavigation Watch Watch App/Preview Content\"";
				DEVELOPMENT_TEAM = M4DNVMNSZG;
				ENABLE_PREVIEWS = YES;
				GENERATE_INFOPLIST_FILE = YES;
				INFOPLIST_FILE = "TextNavigation-Watch-Watch-App-Info.plist";
				INFOPLIST_KEY_CFBundleDisplayName = "TextNavigation Watch";
				INFOPLIST_KEY_UISupportedInterfaceOrientations = "UIInterfaceOrientationPortrait UIInterfaceOrientationPortraitUpsideDown";
				INFOPLIST_KEY_WKCompanionAppBundleIdentifier = touch.TextNavigation;
				LD_RUNPATH_SEARCH_PATHS = (
					"$(inherited)",
					"@executable_path/Frameworks",
				);
				MARKETING_VERSION = 1.0;
				PRODUCT_BUNDLE_IDENTIFIER = touch.TextNavigation.watchkitapp;
				PRODUCT_NAME = "$(TARGET_NAME)";
				SDKROOT = watchos;
				SKIP_INSTALL = YES;
				SWIFT_EMIT_LOC_STRINGS = YES;
				SWIFT_VERSION = 5.0;
				TARGETED_DEVICE_FAMILY = 4;
				WATCHOS_DEPLOYMENT_TARGET = 11.2;
			};
			name = Debug;
		};
		65D4C0202D95C7C2007C76AF /* Release */ = {
			isa = XCBuildConfiguration;
			buildSettings = {
				ASSETCATALOG_COMPILER_APPICON_NAME = AppIcon;
				ASSETCATALOG_COMPILER_GLOBAL_ACCENT_COLOR_NAME = AccentColor;
				CODE_SIGN_STYLE = Automatic;
				CURRENT_PROJECT_VERSION = 1;
				DEVELOPMENT_ASSET_PATHS = "\"TextNavigation Watch Watch App/Preview Content\"";
				DEVELOPMENT_TEAM = M4DNVMNSZG;
				ENABLE_PREVIEWS = YES;
				GENERATE_INFOPLIST_FILE = YES;
				INFOPLIST_FILE = "TextNavigation-Watch-Watch-App-Info.plist";
				INFOPLIST_KEY_CFBundleDisplayName = "TextNavigation Watch";
				INFOPLIST_KEY_UISupportedInterfaceOrientations = "UIInterfaceOrientationPortrait UIInterfaceOrientationPortraitUpsideDown";
				INFOPLIST_KEY_WKCompanionAppBundleIdentifier = touch.TextNavigation;
				LD_RUNPATH_SEARCH_PATHS = (
					"$(inherited)",
					"@executable_path/Frameworks",
				);
				MARKETING_VERSION = 1.0;
				PRODUCT_BUNDLE_IDENTIFIER = touch.TextNavigation.watchkitapp;
				PRODUCT_NAME = "$(TARGET_NAME)";
				SDKROOT = watchos;
				SKIP_INSTALL = YES;
				SWIFT_EMIT_LOC_STRINGS = YES;
				SWIFT_VERSION = 5.0;
				TARGETED_DEVICE_FAMILY = 4;
				WATCHOS_DEPLOYMENT_TARGET = 11.2;
			};
			name = Release;
		};
/* End XCBuildConfiguration section */

/* Begin XCConfigurationList section */
		65D4BFEF2D95C76D007C76AF /* Build configuration list for PBXProject "TextNavigation" */ = {
			isa = XCConfigurationList;
			buildConfigurations = (
				65D4C00A2D95C76E007C76AF /* Debug */,
				65D4C00B2D95C76E007C76AF /* Release */,
			);
			defaultConfigurationIsVisible = 0;
			defaultConfigurationName = Release;
		};
		65D4C0072D95C76E007C76AF /* Build configuration list for PBXNativeTarget "TextNavigation" */ = {
			isa = XCConfigurationList;
			buildConfigurations = (
				65D4C0082D95C76E007C76AF /* Debug */,
				65D4C0092D95C76E007C76AF /* Release */,
			);
			defaultConfigurationIsVisible = 0;
			defaultConfigurationName = Release;
		};
		65D4C01E2D95C7C2007C76AF /* Build configuration list for PBXNativeTarget "TextNavigation Watch Watch App" */ = {
			isa = XCConfigurationList;
			buildConfigurations = (
				65D4C01F2D95C7C2007C76AF /* Debug */,
				65D4C0202D95C7C2007C76AF /* Release */,
			);
			defaultConfigurationIsVisible = 0;
			defaultConfigurationName = Release;
		};
/* End XCConfigurationList section */
	};
	rootObject = 65D4BFEC2D95C76D007C76AF /* Project object */;
}
